
Microsoft Visual Studio Solution File, Format Version 12.00
# Visual Studio 15
VisualStudioVersion = 15.0.27703.2035
MinimumVisualStudioVersion = 10.0.40219.1
Project("{FAE04EC0-301F-11D3-BF4B-00C04F79EFBC}") = "Notino.Charts.Core", "Notino.Charts.Core\Notino.Charts.Core.csproj", "{3EC09C8F-52A9-4498-8B91-EE9C3D4E59E7}"
EndProject
Global
	GlobalSection(SolutionConfigurationPlatforms) = preSolution
		Debug|Any CPU = Debug|Any CPU
		Release|Any CPU = Release|Any CPU
	EndGlobalSection
	GlobalSection(ProjectConfigurationPlatforms) = postSolution
		{3EC09C8F-52A9-4498-8B91-EE9C3D4E59E7}.Debug|Any CPU.ActiveCfg = Debug|Any CPU
		{3EC09C8F-52A9-4498-8B91-EE9C3D4E59E7}.Debug|Any CPU.Build.0 = Debug|Any CPU
		{3EC09C8F-52A9-4498-8B91-EE9C3D4E59E7}.Release|Any CPU.ActiveCfg = Release|Any CPU
		{3EC09C8F-52A9-4498-8B91-EE9C3D4E59E7}.Release|Any CPU.Build.0 = Release|Any CPU
	EndGlobalSection
	GlobalSection(SolutionProperties) = preSolution
		HideSolutionNode = FALSE
	EndGlobalSection
	GlobalSection(ExtensibilityGlobals) = postSolution
		SolutionGuid = {B670BE3B-F17F-4C70-AA06-42A0F5644D01}
	EndGlobalSection
EndGlobal
